
Microsoft Visual Studio Solution File, Format Version 12.00
# Visual Studio Version 17
VisualStudioVersion = 17.8.34408.163
MinimumVisualStudioVersion = 10.0.40219.1
Project("{FAE04EC0-301F-11D3-BF4B-00C04F79EFBC}") = "PathEdit", "PathEdit\PathEdit.csproj", "{AAB25D1C-3006-4A5F-9036-F100DB7C1ACF}"
EndProject
Global
	GlobalSection(SolutionConfigurationPlatforms) = preSolution
		Debug|ARM64 = Debug|ARM64
		Debug|x64 = Debug|x64
		Debug|x86 = Debug|x86
		Release|ARM64 = Release|ARM64
		Release|x64 = Release|x64
		Release|x86 = Release|x86
	EndGlobalSection
	GlobalSection(ProjectConfigurationPlatforms) = postSolution
		{AAB25D1C-3006-4A5F-9036-F100DB7C1ACF}.Debug|ARM64.ActiveCfg = Debug|ARM64
		{AAB25D1C-3006-4A5F-9036-F100DB7C1ACF}.Debug|ARM64.Build.0 = Debug|ARM64
		{AAB25D1C-3006-4A5F-9036-F100DB7C1ACF}.Debug|ARM64.Deploy.0 = Debug|ARM64
		{AAB25D1C-3006-4A5F-9036-F100DB7C1ACF}.Debug|x64.ActiveCfg = Debug|x64
		{AAB25D1C-3006-4A5F-9036-F100DB7C1ACF}.Debug|x64.Build.0 = Debug|x64
		{AAB25D1C-3006-4A5F-9036-F100DB7C1ACF}.Debug|x64.Deploy.0 = Debug|x64
		{AAB25D1C-3006-4A5F-9036-F100DB7C1ACF}.Debug|x86.ActiveCfg = Debug|x86
		{AAB25D1C-3006-4A5F-9036-F100DB7C1ACF}.Debug|x86.Build.0 = Debug|x86
		{AAB25D1C-3006-4A5F-9036-F100DB7C1ACF}.Debug|x86.Deploy.0 = Debug|x86
		{AAB25D1C-3006-4A5F-9036-F100DB7C1ACF}.Release|ARM64.ActiveCfg = Release|ARM64
		{AAB25D1C-3006-4A5F-9036-F100DB7C1ACF}.Release|ARM64.Build.0 = Release|ARM64
		{AAB25D1C-3006-4A5F-9036-F100DB7C1ACF}.Release|ARM64.Deploy.0 = Release|ARM64
		{AAB25D1C-3006-4A5F-9036-F100DB7C1ACF}.Release|x64.ActiveCfg = Release|x64
		{AAB25D1C-3006-4A5F-9036-F100DB7C1ACF}.Release|x64.Build.0 = Release|x64
		{AAB25D1C-3006-4A5F-9036-F100DB7C1ACF}.Release|x64.Deploy.0 = Release|x64
		{AAB25D1C-3006-4A5F-9036-F100DB7C1ACF}.Release|x86.ActiveCfg = Release|x86
		{AAB25D1C-3006-4A5F-9036-F100DB7C1ACF}.Release|x86.Build.0 = Release|x86
		{AAB25D1C-3006-4A5F-9036-F100DB7C1ACF}.Release|x86.Deploy.0 = Release|x86
	EndGlobalSection
	GlobalSection(SolutionProperties) = preSolution
		HideSolutionNode = FALSE
	EndGlobalSection
	GlobalSection(ExtensibilityGlobals) = postSolution
		SolutionGuid = {C333AF58-86A2-4CDE-B40A-87AE6A716A2B}
	EndGlobalSection
EndGlobal
